{
  "name": "RabbitMqInterface",
  "version": "1.0.0",
  "lockfileVersion": 1,
  "requires": true,
  "dependencies": {
    "amqplib": {
      "version": "0.5.3",
      "resolved": "https://highway.porsche.com:443/artifactory/api/npm/npm-all/amqplib/-/amqplib-0.5.3.tgz",
      "integrity": "sha1-fM/IXRLufNPG3IYbsH8GSOw9cZM=",
      "requires": {
        "bitsyntax": "~0.1.0",
        "bluebird": "^3.5.2",
        "buffer-more-ints": "~1.0.0",
        "readable-stream": "1.x >=1.1.9",
        "safe-buffer": "~5.1.2",
        "url-parse": "~1.4.3"
      }
    },
    "bitsyntax": {
      "version": "0.1.0",
      "resolved": "https://highway.porsche.com:443/artifactory/api/npm/npm-all/bitsyntax/-/bitsyntax-0.1.0.tgz",
      "integrity": "sha1-sMWazvA1Bd5aLtYqL3Y8Vq4dYgU=",
      "requires": {
        "buffer-more-ints": "~1.0.0",
        "debug": "~2.6.9",
        "safe-buffer": "~5.1.2"
      },
      "dependencies": {
        "debug": {
          "version": "2.6.9",
          "resolved": "https://highway.porsche.com:443/artifactory/api/npm/npm-all/debug/-/debug-2.6.9.tgz",
          "integrity": "sha1-XRKFFd8TT/Mn6QpMk/Tgd6U2NB8=",
          "requires": {
            "ms": "2.0.0"
          }
        }
      }
    },
    "bluebird": {
      "version": "3.5.4",
      "resolved": "https://highway.porsche.com:443/artifactory/api/npm/npm-all/bluebird/-/bluebird-3.5.4.tgz",
      "integrity": "sha1-1sxmFZXeMNWzr1/O3TwLPvbsVxQ="
    },
    "buffer-more-ints": {
      "version": "1.0.0",
      "resolved": "https://highway.porsche.com:443/artifactory/api/npm/npm-all/buffer-more-ints/-/buffer-more-ints-1.0.0.tgz",
      "integrity": "sha1-70+OLd261CntOCipxV1E8FxhFCI="
    },
    "core-util-is": {
      "version": "1.0.2",
      "resolved": "https://highway.porsche.com:443/artifactory/api/npm/npm-all/core-util-is/-/core-util-is-1.0.2.tgz",
      "integrity": "sha1-tf1UIgqivFq1eqtxQMlAdUUDwac="
    },
    "inherits": {
      "version": "2.0.3",
      "resolved": "https://highway.porsche.com:443/artifactory/api/npm/npm-all/inherits/-/inherits-2.0.3.tgz",
      "integrity": "sha1-Yzwsg+PaQqUC9SRmAiSA9CCCYd4="
    },
    "is-url": {
      "version": "1.2.4",
      "resolved": "https://highway.porsche.com:443/artifactory/api/npm/npm-all/is-url/-/is-url-1.2.4.tgz",
      "integrity": "sha1-BKTfRtKMTP89c9Af8Gq+sxihqlI="
    },
    "isarray": {
      "version": "0.0.1",
      "resolved": "https://highway.porsche.com:443/artifactory/api/npm/npm-all/isarray/-/isarray-0.0.1.tgz",
      "integrity": "sha1-ihis/Kmo9Bd+Cav8YDiTmwXR7t8="
    },
    "lodash": {
      "version": "4.17.11",
      "resolved": "https://highway.porsche.com:443/artifactory/api/npm/npm-all/lodash/-/lodash-4.17.11.tgz",
      "integrity": "sha1-s56mIp72B+zYniyN8SU2iRysm40="
    },
    "ms": {
      "version": "2.0.0",
      "resolved": "https://highway.porsche.com:443/artifactory/api/npm/npm-all/ms/-/ms-2.0.0.tgz",
      "integrity": "sha1-VgiurfwAvmwpAd9fmGF4jeDVl8g="
    },
    "querystringify": {
      "version": "2.1.1",
      "resolved": "https://highway.porsche.com:443/artifactory/api/npm/npm-all/querystringify/-/querystringify-2.1.1.tgz",
      "integrity": "sha1-YOWl/WSn+L+k0qsu1v30yFutFU4="
    },
    "readable-stream": {
      "version": "1.1.14",
      "resolved": "https://highway.porsche.com:443/artifactory/api/npm/npm-all/readable-stream/-/readable-stream-1.1.14.tgz",
      "integrity": "sha1-fPTFTvZI44EwhMY23SB54WbAgdk=",
      "requires": {
        "core-util-is": "~1.0.0",
        "inherits": "~2.0.1",
        "isarray": "0.0.1",
        "string_decoder": "~0.10.x"
      }
    },
    "requires-port": {
      "version": "1.0.0",
      "resolved": "https://highway.porsche.com:443/artifactory/api/npm/npm-all/requires-port/-/requires-port-1.0.0.tgz",
      "integrity": "sha1-kl0mAdOaxIXgkc8NpcbmlNw9yv8="
    },
    "safe-buffer": {
      "version": "5.1.2",
      "resolved": "https://highway.porsche.com:443/artifactory/api/npm/npm-all/safe-buffer/-/safe-buffer-5.1.2.tgz",
      "integrity": "sha1-mR7GnSluAxN0fVm9/St0XDX4go0="
    },
    "string_decoder": {
      "version": "0.10.31",
      "resolved": "https://highway.porsche.com:443/artifactory/api/npm/npm-all/string_decoder/-/string_decoder-0.10.31.tgz",
      "integrity": "sha1-YuIDvEF2bGwoyfyEMB2rHFMQ+pQ="
    },
    "url-parse": {
      "version": "1.4.4",
      "resolved": "https://highway.porsche.com:443/artifactory/api/npm/npm-all/url-parse/-/url-parse-1.4.4.tgz",
      "integrity": "sha1-ysFVbpX6oDA2kf7Fz51aG8NGSPg=",
      "requires": {
        "querystringify": "^2.0.0",
        "requires-port": "^1.0.0"
      }
    },
    "uuid": {
      "version": "3.3.2",
      "resolved": "https://highway.porsche.com:443/artifactory/api/npm/npm-all/uuid/-/uuid-3.3.2.tgz",
      "integrity": "sha1-G0r0lV6zB3xQHCOHL8ZROBFYcTE="
    }
  }
}
